
Microsoft Visual Studio Solution File, Format Version 12.00
# Visual Studio Version 17
VisualStudioVersion = 17.3.32929.385
MinimumVisualStudioVersion = 10.0.40219.1
Project("{FAE04EC0-301F-11D3-BF4B-00C04F79EFBC}") = "CalculatorApp", "CalculatorApp\CalculatorApp.csproj", "{D18CF643-E536-4691-B6B6-3721932DAD0C}"
EndProject
Global
	GlobalSection(SolutionConfigurationPlatforms) = preSolution
		Debug|Any CPU = Debug|Any CPU
		Release|Any CPU = Release|Any CPU
	EndGlobalSection
	GlobalSection(ProjectConfigurationPlatforms) = postSolution
		{D18CF643-E536-4691-B6B6-3721932DAD0C}.Debug|Any CPU.ActiveCfg = Debug|Any CPU
		{D18CF643-E536-4691-B6B6-3721932DAD0C}.Debug|Any CPU.Build.0 = Debug|Any CPU
		{D18CF643-E536-4691-B6B6-3721932DAD0C}.Release|Any CPU.ActiveCfg = Release|Any CPU
		{D18CF643-E536-4691-B6B6-3721932DAD0C}.Release|Any CPU.Build.0 = Release|Any CPU
	EndGlobalSection
	GlobalSection(SolutionProperties) = preSolution
		HideSolutionNode = FALSE
	EndGlobalSection
	GlobalSection(ExtensibilityGlobals) = postSolution
		SolutionGuid = {4D90CFDD-292E-48CE-A244-FB6D10E4046C}
	EndGlobalSection
EndGlobal
